
Microsoft Visual Studio Solution File, Format Version 12.00
# Visual Studio 15
Project("{FAE04EC0-301F-11D3-BF4B-00C04F79EFBC}") = "UnityEngine.TestRunner", "UnityEngine.TestRunner.csproj", "{0DF18866-0F6D-ADE3-3BA0-5A6F21870AF2}"
EndProject
Project("{FAE04EC0-301F-11D3-BF4B-00C04F79EFBC}") = "Unity.2D.Animation.Triangle.Runtime", "Unity.2D.Animation.Triangle.Runtime.csproj", "{66BBA40E-16DB-7698-D018-F8654DE4BD97}"
EndProject
Project("{FAE04EC0-301F-11D3-BF4B-00C04F79EFBC}") = "UnityEngine.UI", "UnityEngine.UI.csproj", "{C51E7EE3-4509-57B9-1AF9-6E5D2DBAFF81}"
EndProject
Project("{FAE04EC0-301F-11D3-BF4B-00C04F79EFBC}") = "Unity.TextMeshPro", "Unity.TextMeshPro.csproj", "{A29BCAA9-9FFA-C2A7-C224-68E3FF91AB9E}"
EndProject
Project("{FAE04EC0-301F-11D3-BF4B-00C04F79EFBC}") = "Unity.2D.Animation.Runtime", "Unity.2D.Animation.Runtime.csproj", "{A2D465E3-BACD-7317-56ED-D6D848DE4D72}"
EndProject
Project("{FAE04EC0-301F-11D3-BF4B-00C04F79EFBC}") = "Unity.Timeline", "Unity.Timeline.csproj", "{6009EADB-4978-5587-C167-A4D9ED0A9877}"
EndProject
Project("{FAE04EC0-301F-11D3-BF4B-00C04F79EFBC}") = "Unity.Mathematics", "Unity.Mathematics.csproj", "{08500588-C92A-251D-0AC4-153F01D12974}"
EndProject
Project("{FAE04EC0-301F-11D3-BF4B-00C04F79EFBC}") = "Unity.2D.SpriteShape.Runtime", "Unity.2D.SpriteShape.Runtime.csproj", "{3AC71DA7-3262-51E2-C5CC-DED566CDEFC2}"
EndProject
Project("{FAE04EC0-301F-11D3-BF4B-00C04F79EFBC}") = "Assembly-CSharp", "Assembly-CSharp.csproj", "{C58E69E1-E84B-16D2-CE97-AF5E29243D77}"
EndProject
Project("{FAE04EC0-301F-11D3-BF4B-00C04F79EFBC}") = "Unity.2D.PixelPerfect", "Unity.2D.PixelPerfect.csproj", "{72C6C291-C12D-5176-A015-578EBB55C181}"
EndProject
Project("{FAE04EC0-301F-11D3-BF4B-00C04F79EFBC}") = "Unity.InternalAPIEngineBridge.001", "Unity.InternalAPIEngineBridge.001.csproj", "{B7CB9B43-2C1A-18A8-7EFB-A6BF21FC5956}"
EndProject
Project("{FAE04EC0-301F-11D3-BF4B-00C04F79EFBC}") = "Unity.2D.Common.Runtime", "Unity.2D.Common.Runtime.csproj", "{95A24E78-D7DB-8254-2B26-1384CE849005}"
EndProject
Project("{FAE04EC0-301F-11D3-BF4B-00C04F79EFBC}") = "UnityEditor.TestRunner", "UnityEditor.TestRunner.csproj", "{E8E8D120-EEC6-80C0-0322-F1C579B85FEB}"
EndProject
Project("{FAE04EC0-301F-11D3-BF4B-00C04F79EFBC}") = "Unity.TextMeshPro.Editor", "Unity.TextMeshPro.Editor.csproj", "{630D4263-F241-F800-80DD-E7ED493513C1}"
EndProject
Project("{FAE04EC0-301F-11D3-BF4B-00C04F79EFBC}") = "Unity.Timeline.Editor", "Unity.Timeline.Editor.csproj", "{EB1F4D9E-673B-49EA-3B1B-5897EC16DD97}"
EndProject
Project("{FAE04EC0-301F-11D3-BF4B-00C04F79EFBC}") = "Unity.2D.Animation.Editor", "Unity.2D.Animation.Editor.csproj", "{ECBA17BF-13CA-582B-ACB8-6C679B6966E3}"
EndProject
Project("{FAE04EC0-301F-11D3-BF4B-00C04F79EFBC}") = "Unity.2D.Path.Editor", "Unity.2D.Path.Editor.csproj", "{38200C9D-3865-53F0-37DC-950F3370B6BC}"
EndProject
Project("{FAE04EC0-301F-11D3-BF4B-00C04F79EFBC}") = "Unity.2D.Sprite.Editor", "Unity.2D.Sprite.Editor.csproj", "{0EE887F0-59C5-E0A8-BC84-FF2C5CB83B59}"
EndProject
Project("{FAE04EC0-301F-11D3-BF4B-00C04F79EFBC}") = "UnityEditor.UI", "UnityEditor.UI.csproj", "{AC3D0CF4-CD7F-C724-FCEC-CEB59F93EE5B}"
EndProject
Project("{FAE04EC0-301F-11D3-BF4B-00C04F79EFBC}") = "Unity.Rider.Editor", "Unity.Rider.Editor.csproj", "{EF620BCC-E208-B6D8-BF60-8C4ACA37D0B7}"
EndProject
Project("{FAE04EC0-301F-11D3-BF4B-00C04F79EFBC}") = "Unity.2D.Tilemap.Editor", "Unity.2D.Tilemap.Editor.csproj", "{18424843-81B5-E34A-4260-2539AB06CE51}"
EndProject
Project("{FAE04EC0-301F-11D3-BF4B-00C04F79EFBC}") = "Unity.2D.SpriteShape.Editor", "Unity.2D.SpriteShape.Editor.csproj", "{FC274495-2D7A-2C1E-51E7-D189FACD1E5C}"
EndProject
Project("{FAE04EC0-301F-11D3-BF4B-00C04F79EFBC}") = "PsdPlugin", "PsdPlugin.csproj", "{FB239A72-B666-370B-445F-E4685254A570}"
EndProject
Project("{FAE04EC0-301F-11D3-BF4B-00C04F79EFBC}") = "Unity.CollabProxy.Editor", "Unity.CollabProxy.Editor.csproj", "{4A4C9B52-4936-EE34-BD85-F660DDF8EFB3}"
EndProject
Project("{FAE04EC0-301F-11D3-BF4B-00C04F79EFBC}") = "Unity.2D.Common.Editor", "Unity.2D.Common.Editor.csproj", "{1B973278-98BE-7A0D-8EF2-73DEBB1112D3}"
EndProject
Project("{FAE04EC0-301F-11D3-BF4B-00C04F79EFBC}") = "Unity.VSCode.Editor", "Unity.VSCode.Editor.csproj", "{E1C77036-6E5B-3B13-DFBF-FFC702001853}"
EndProject
Project("{FAE04EC0-301F-11D3-BF4B-00C04F79EFBC}") = "Unity.2D.Psdimporter.Editor", "Unity.2D.Psdimporter.Editor.csproj", "{978E5DD8-4A22-EB59-7BE8-4E55CF8D1357}"
EndProject
Project("{FAE04EC0-301F-11D3-BF4B-00C04F79EFBC}") = "Unity.2D.PixelPerfect.Editor", "Unity.2D.PixelPerfect.Editor.csproj", "{2EC1C164-A94F-3F3F-9B6B-4499F84D9050}"
EndProject
Project("{FAE04EC0-301F-11D3-BF4B-00C04F79EFBC}") = "Unity.Mathematics.Editor", "Unity.Mathematics.Editor.csproj", "{403182E6-FE12-7A62-CE5A-34C1C37D3FAD}"
EndProject
Project("{FAE04EC0-301F-11D3-BF4B-00C04F79EFBC}") = "Unity.InternalAPIEditorBridge.001", "Unity.InternalAPIEditorBridge.001.csproj", "{33E4494D-24E7-FBE9-E4BB-E2BD4BDCBC57}"
EndProject
Project("{FAE04EC0-301F-11D3-BF4B-00C04F79EFBC}") = "Assembly-CSharp.Player", "Assembly-CSharp.Player.csproj", "{6066E543-6188-A440-E372-875A7F02E00F}"
EndProject
Global
	GlobalSection(SolutionConfigurationPlatforms) = preSolution
		Debug|Any CPU = Debug|Any CPU
		Release|Any CPU = Release|Any CPU
	EndGlobalSection
	GlobalSection(ProjectConfigurationPlatforms) = postSolution
		{0DF18866-0F6D-ADE3-3BA0-5A6F21870AF2}.Debug|Any CPU.ActiveCfg = Debug|Any CPU
		{0DF18866-0F6D-ADE3-3BA0-5A6F21870AF2}.Debug|Any CPU.Build.0 = Debug|Any CPU
		{0DF18866-0F6D-ADE3-3BA0-5A6F21870AF2}.Release|Any CPU.ActiveCfg = Release|Any CPU
		{0DF18866-0F6D-ADE3-3BA0-5A6F21870AF2}.Release|Any CPU.Build.0 = Release|Any CPU
		{66BBA40E-16DB-7698-D018-F8654DE4BD97}.Debug|Any CPU.ActiveCfg = Debug|Any CPU
		{66BBA40E-16DB-7698-D018-F8654DE4BD97}.Debug|Any CPU.Build.0 = Debug|Any CPU
		{66BBA40E-16DB-7698-D018-F8654DE4BD97}.Release|Any CPU.ActiveCfg = Release|Any CPU
		{66BBA40E-16DB-7698-D018-F8654DE4BD97}.Release|Any CPU.Build.0 = Release|Any CPU
		{C51E7EE3-4509-57B9-1AF9-6E5D2DBAFF81}.Debug|Any CPU.ActiveCfg = Debug|Any CPU
		{C51E7EE3-4509-57B9-1AF9-6E5D2DBAFF81}.Debug|Any CPU.Build.0 = Debug|Any CPU
		{C51E7EE3-4509-57B9-1AF9-6E5D2DBAFF81}.Release|Any CPU.ActiveCfg = Release|Any CPU
		{C51E7EE3-4509-57B9-1AF9-6E5D2DBAFF81}.Release|Any CPU.Build.0 = Release|Any CPU
		{A29BCAA9-9FFA-C2A7-C224-68E3FF91AB9E}.Debug|Any CPU.ActiveCfg = Debug|Any CPU
		{A29BCAA9-9FFA-C2A7-C224-68E3FF91AB9E}.Debug|Any CPU.Build.0 = Debug|Any CPU
		{A29BCAA9-9FFA-C2A7-C224-68E3FF91AB9E}.Release|Any CPU.ActiveCfg = Release|Any CPU
		{A29BCAA9-9FFA-C2A7-C224-68E3FF91AB9E}.Release|Any CPU.Build.0 = Release|Any CPU
		{A2D465E3-BACD-7317-56ED-D6D848DE4D72}.Debug|Any CPU.ActiveCfg = Debug|Any CPU
		{A2D465E3-BACD-7317-56ED-D6D848DE4D72}.Debug|Any CPU.Build.0 = Debug|Any CPU
		{A2D465E3-BACD-7317-56ED-D6D848DE4D72}.Release|Any CPU.ActiveCfg = Release|Any CPU
		{A2D465E3-BACD-7317-56ED-D6D848DE4D72}.Release|Any CPU.Build.0 = Release|Any CPU
		{6009EADB-4978-5587-C167-A4D9ED0A9877}.Debug|Any CPU.ActiveCfg = Debug|Any CPU
		{6009EADB-4978-5587-C167-A4D9ED0A9877}.Debug|Any CPU.Build.0 = Debug|Any CPU
		{6009EADB-4978-5587-C167-A4D9ED0A9877}.Release|Any CPU.ActiveCfg = Release|Any CPU
		{6009EADB-4978-5587-C167-A4D9ED0A9877}.Release|Any CPU.Build.0 = Release|Any CPU
		{08500588-C92A-251D-0AC4-153F01D12974}.Debug|Any CPU.ActiveCfg = Debug|Any CPU
		{08500588-C92A-251D-0AC4-153F01D12974}.Debug|Any CPU.Build.0 = Debug|Any CPU
		{08500588-C92A-251D-0AC4-153F01D12974}.Release|Any CPU.ActiveCfg = Release|Any CPU
		{08500588-C92A-251D-0AC4-153F01D12974}.Release|Any CPU.Build.0 = Release|Any CPU
		{3AC71DA7-3262-51E2-C5CC-DED566CDEFC2}.Debug|Any CPU.ActiveCfg = Debug|Any CPU
		{3AC71DA7-3262-51E2-C5CC-DED566CDEFC2}.Debug|Any CPU.Build.0 = Debug|Any CPU
		{3AC71DA7-3262-51E2-C5CC-DED566CDEFC2}.Release|Any CPU.ActiveCfg = Release|Any CPU
		{3AC71DA7-3262-51E2-C5CC-DED566CDEFC2}.Release|Any CPU.Build.0 = Release|Any CPU
		{C58E69E1-E84B-16D2-CE97-AF5E29243D77}.Debug|Any CPU.ActiveCfg = Debug|Any CPU
		{C58E69E1-E84B-16D2-CE97-AF5E29243D77}.Debug|Any CPU.Build.0 = Debug|Any CPU
		{C58E69E1-E84B-16D2-CE97-AF5E29243D77}.Release|Any CPU.ActiveCfg = Release|Any CPU
		{C58E69E1-E84B-16D2-CE97-AF5E29243D77}.Release|Any CPU.Build.0 = Release|Any CPU
		{72C6C291-C12D-5176-A015-578EBB55C181}.Debug|Any CPU.ActiveCfg = Debug|Any CPU
		{72C6C291-C12D-5176-A015-578EBB55C181}.Debug|Any CPU.Build.0 = Debug|Any CPU
		{72C6C291-C12D-5176-A015-578EBB55C181}.Release|Any CPU.ActiveCfg = Release|Any CPU
		{72C6C291-C12D-5176-A015-578EBB55C181}.Release|Any CPU.Build.0 = Release|Any CPU
		{B7CB9B43-2C1A-18A8-7EFB-A6BF21FC5956}.Debug|Any CPU.ActiveCfg = Debug|Any CPU
		{B7CB9B43-2C1A-18A8-7EFB-A6BF21FC5956}.Debug|Any CPU.Build.0 = Debug|Any CPU
		{B7CB9B43-2C1A-18A8-7EFB-A6BF21FC5956}.Release|Any CPU.ActiveCfg = Release|Any CPU
		{B7CB9B43-2C1A-18A8-7EFB-A6BF21FC5956}.Release|Any CPU.Build.0 = Release|Any CPU
		{95A24E78-D7DB-8254-2B26-1384CE849005}.Debug|Any CPU.ActiveCfg = Debug|Any CPU
		{95A24E78-D7DB-8254-2B26-1384CE849005}.Debug|Any CPU.Build.0 = Debug|Any CPU
		{95A24E78-D7DB-8254-2B26-1384CE849005}.Release|Any CPU.ActiveCfg = Release|Any CPU
		{95A24E78-D7DB-8254-2B26-1384CE849005}.Release|Any CPU.Build.0 = Release|Any CPU
		{E8E8D120-EEC6-80C0-0322-F1C579B85FEB}.Debug|Any CPU.ActiveCfg = Debug|Any CPU
		{E8E8D120-EEC6-80C0-0322-F1C579B85FEB}.Debug|Any CPU.Build.0 = Debug|Any CPU
		{E8E8D120-EEC6-80C0-0322-F1C579B85FEB}.Release|Any CPU.ActiveCfg = Release|Any CPU
		{E8E8D120-EEC6-80C0-0322-F1C579B85FEB}.Release|Any CPU.Build.0 = Release|Any CPU
		{630D4263-F241-F800-80DD-E7ED493513C1}.Debug|Any CPU.ActiveCfg = Debug|Any CPU
		{630D4263-F241-F800-80DD-E7ED493513C1}.Debug|Any CPU.Build.0 = Debug|Any CPU
		{630D4263-F241-F800-80DD-E7ED493513C1}.Release|Any CPU.ActiveCfg = Release|Any CPU
		{630D4263-F241-F800-80DD-E7ED493513C1}.Release|Any CPU.Build.0 = Release|Any CPU
		{EB1F4D9E-673B-49EA-3B1B-5897EC16DD97}.Debug|Any CPU.ActiveCfg = Debug|Any CPU
		{EB1F4D9E-673B-49EA-3B1B-5897EC16DD97}.Debug|Any CPU.Build.0 = Debug|Any CPU
		{EB1F4D9E-673B-49EA-3B1B-5897EC16DD97}.Release|Any CPU.ActiveCfg = Release|Any CPU
		{EB1F4D9E-673B-49EA-3B1B-5897EC16DD97}.Release|Any CPU.Build.0 = Release|Any CPU
		{ECBA17BF-13CA-582B-ACB8-6C679B6966E3}.Debug|Any CPU.ActiveCfg = Debug|Any CPU
		{ECBA17BF-13CA-582B-ACB8-6C679B6966E3}.Debug|Any CPU.Build.0 = Debug|Any CPU
		{ECBA17BF-13CA-582B-ACB8-6C679B6966E3}.Release|Any CPU.ActiveCfg = Release|Any CPU
		{ECBA17BF-13CA-582B-ACB8-6C679B6966E3}.Release|Any CPU.Build.0 = Release|Any CPU
		{38200C9D-3865-53F0-37DC-950F3370B6BC}.Debug|Any CPU.ActiveCfg = Debug|Any CPU
		{38200C9D-3865-53F0-37DC-950F3370B6BC}.Debug|Any CPU.Build.0 = Debug|Any CPU
		{38200C9D-3865-53F0-37DC-950F3370B6BC}.Release|Any CPU.ActiveCfg = Release|Any CPU
		{38200C9D-3865-53F0-37DC-950F3370B6BC}.Release|Any CPU.Build.0 = Release|Any CPU
		{0EE887F0-59C5-E0A8-BC84-FF2C5CB83B59}.Debug|Any CPU.ActiveCfg = Debug|Any CPU
		{0EE887F0-59C5-E0A8-BC84-FF2C5CB83B59}.Debug|Any CPU.Build.0 = Debug|Any CPU
		{0EE887F0-59C5-E0A8-BC84-FF2C5CB83B59}.Release|Any CPU.ActiveCfg = Release|Any CPU
		{0EE887F0-59C5-E0A8-BC84-FF2C5CB83B59}.Release|Any CPU.Build.0 = Release|Any CPU
		{AC3D0CF4-CD7F-C724-FCEC-CEB59F93EE5B}.Debug|Any CPU.ActiveCfg = Debug|Any CPU
		{AC3D0CF4-CD7F-C724-FCEC-CEB59F93EE5B}.Debug|Any CPU.Build.0 = Debug|Any CPU
		{AC3D0CF4-CD7F-C724-FCEC-CEB59F93EE5B}.Release|Any CPU.ActiveCfg = Release|Any CPU
		{AC3D0CF4-CD7F-C724-FCEC-CEB59F93EE5B}.Release|Any CPU.Build.0 = Release|Any CPU
		{EF620BCC-E208-B6D8-BF60-8C4ACA37D0B7}.Debug|Any CPU.ActiveCfg = Debug|Any CPU
		{EF620BCC-E208-B6D8-BF60-8C4ACA37D0B7}.Debug|Any CPU.Build.0 = Debug|Any CPU
		{EF620BCC-E208-B6D8-BF60-8C4ACA37D0B7}.Release|Any CPU.ActiveCfg = Release|Any CPU
		{EF620BCC-E208-B6D8-BF60-8C4ACA37D0B7}.Release|Any CPU.Build.0 = Release|Any CPU
		{18424843-81B5-E34A-4260-2539AB06CE51}.Debug|Any CPU.ActiveCfg = Debug|Any CPU
		{18424843-81B5-E34A-4260-2539AB06CE51}.Debug|Any CPU.Build.0 = Debug|Any CPU
		{18424843-81B5-E34A-4260-2539AB06CE51}.Release|Any CPU.ActiveCfg = Release|Any CPU
		{18424843-81B5-E34A-4260-2539AB06CE51}.Release|Any CPU.Build.0 = Release|Any CPU
		{FC274495-2D7A-2C1E-51E7-D189FACD1E5C}.Debug|Any CPU.ActiveCfg = Debug|Any CPU
		{FC274495-2D7A-2C1E-51E7-D189FACD1E5C}.Debug|Any CPU.Build.0 = Debug|Any CPU
		{FC274495-2D7A-2C1E-51E7-D189FACD1E5C}.Release|Any CPU.ActiveCfg = Release|Any CPU
		{FC274495-2D7A-2C1E-51E7-D189FACD1E5C}.Release|Any CPU.Build.0 = Release|Any CPU
		{FB239A72-B666-370B-445F-E4685254A570}.Debug|Any CPU.ActiveCfg = Debug|Any CPU
		{FB239A72-B666-370B-445F-E4685254A570}.Debug|Any CPU.Build.0 = Debug|Any CPU
		{FB239A72-B666-370B-445F-E4685254A570}.Release|Any CPU.ActiveCfg = Release|Any CPU
		{FB239A72-B666-370B-445F-E4685254A570}.Release|Any CPU.Build.0 = Release|Any CPU
		{4A4C9B52-4936-EE34-BD85-F660DDF8EFB3}.Debug|Any CPU.ActiveCfg = Debug|Any CPU
		{4A4C9B52-4936-EE34-BD85-F660DDF8EFB3}.Debug|Any CPU.Build.0 = Debug|Any CPU
		{4A4C9B52-4936-EE34-BD85-F660DDF8EFB3}.Release|Any CPU.ActiveCfg = Release|Any CPU
		{4A4C9B52-4936-EE34-BD85-F660DDF8EFB3}.Release|Any CPU.Build.0 = Release|Any CPU
		{1B973278-98BE-7A0D-8EF2-73DEBB1112D3}.Debug|Any CPU.ActiveCfg = Debug|Any CPU
		{1B973278-98BE-7A0D-8EF2-73DEBB1112D3}.Debug|Any CPU.Build.0 = Debug|Any CPU
		{1B973278-98BE-7A0D-8EF2-73DEBB1112D3}.Release|Any CPU.ActiveCfg = Release|Any CPU
		{1B973278-98BE-7A0D-8EF2-73DEBB1112D3}.Release|Any CPU.Build.0 = Release|Any CPU
		{E1C77036-6E5B-3B13-DFBF-FFC702001853}.Debug|Any CPU.ActiveCfg = Debug|Any CPU
		{E1C77036-6E5B-3B13-DFBF-FFC702001853}.Debug|Any CPU.Build.0 = Debug|Any CPU
		{E1C77036-6E5B-3B13-DFBF-FFC702001853}.Release|Any CPU.ActiveCfg = Release|Any CPU
		{E1C77036-6E5B-3B13-DFBF-FFC702001853}.Release|Any CPU.Build.0 = Release|Any CPU
		{978E5DD8-4A22-EB59-7BE8-4E55CF8D1357}.Debug|Any CPU.ActiveCfg = Debug|Any CPU
		{978E5DD8-4A22-EB59-7BE8-4E55CF8D1357}.Debug|Any CPU.Build.0 = Debug|Any CPU
		{978E5DD8-4A22-EB59-7BE8-4E55CF8D1357}.Release|Any CPU.ActiveCfg = Release|Any CPU
		{978E5DD8-4A22-EB59-7BE8-4E55CF8D1357}.Release|Any CPU.Build.0 = Release|Any CPU
		{2EC1C164-A94F-3F3F-9B6B-4499F84D9050}.Debug|Any CPU.ActiveCfg = Debug|Any CPU
		{2EC1C164-A94F-3F3F-9B6B-4499F84D9050}.Debug|Any CPU.Build.0 = Debug|Any CPU
		{2EC1C164-A94F-3F3F-9B6B-4499F84D9050}.Release|Any CPU.ActiveCfg = Release|Any CPU
		{2EC1C164-A94F-3F3F-9B6B-4499F84D9050}.Release|Any CPU.Build.0 = Release|Any CPU
		{403182E6-FE12-7A62-CE5A-34C1C37D3FAD}.Debug|Any CPU.ActiveCfg = Debug|Any CPU
		{403182E6-FE12-7A62-CE5A-34C1C37D3FAD}.Debug|Any CPU.Build.0 = Debug|Any CPU
		{403182E6-FE12-7A62-CE5A-34C1C37D3FAD}.Release|Any CPU.ActiveCfg = Release|Any CPU
		{403182E6-FE12-7A62-CE5A-34C1C37D3FAD}.Release|Any CPU.Build.0 = Release|Any CPU
		{33E4494D-24E7-FBE9-E4BB-E2BD4BDCBC57}.Debug|Any CPU.ActiveCfg = Debug|Any CPU
		{33E4494D-24E7-FBE9-E4BB-E2BD4BDCBC57}.Debug|Any CPU.Build.0 = Debug|Any CPU
		{33E4494D-24E7-FBE9-E4BB-E2BD4BDCBC57}.Release|Any CPU.ActiveCfg = Release|Any CPU
		{33E4494D-24E7-FBE9-E4BB-E2BD4BDCBC57}.Release|Any CPU.Build.0 = Release|Any CPU
		{6066E543-6188-A440-E372-875A7F02E00F}.Debug|Any CPU.ActiveCfg = Debug|Any CPU
		{6066E543-6188-A440-E372-875A7F02E00F}.Debug|Any CPU.Build.0 = Debug|Any CPU
		{6066E543-6188-A440-E372-875A7F02E00F}.Release|Any CPU.ActiveCfg = Release|Any CPU
		{6066E543-6188-A440-E372-875A7F02E00F}.Release|Any CPU.Build.0 = Release|Any CPU
	EndGlobalSection
	GlobalSection(SolutionProperties) = preSolution
		HideSolutionNode = FALSE
	EndGlobalSection
EndGlobal
